# THIS IS AN AUTOGENERATED FILE. DO NOT EDIT THIS FILE DIRECTLY.
# yarn lockfile v1


"@types/lodash.merge@^4.6.6":
  version "4.6.6"
  resolved "https://registry.yarnpkg.com/@types/lodash.merge/-/lodash.merge-4.6.6.tgz#b84b403c1d31bc42d51772d1cd5557fa008cd3d6"
  integrity sha512-IB90krzMf7YpfgP3u/EvZEdXVvm4e3gJbUvh5ieuI+o+XqiNEt6fCzqNRaiLlPVScLI59RxIGZMQ3+Ko/DJ8vQ==
  dependencies:
    "@types/lodash" "*"

"@types/lodash@*":
  version "4.14.165"
  resolved "https://registry.yarnpkg.com/@types/lodash/-/lodash-4.14.165.tgz#74d55d947452e2de0742bad65270433b63a8c30f"
  integrity sha512-tjSSOTHhI5mCHTy/OOXYIhi2Wt1qcbHmuXD1Ha7q70CgI/I71afO4XtLb/cVexki1oVYchpul/TOuu3Arcdxrg==

lodash.merge@^4.6.2:
  version "4.6.2"
  resolved "https://registry.yarnpkg.com/lodash.merge/-/lodash.merge-4.6.2.tgz#558aa53b43b661e1925a0afdfa36a9a1085fe57a"
  integrity sha512-0KpjqXRVvrYyCsX1swR/XTK0va6VQkQM6MNo7PqW77ByjAhoARA8EfrP1N4+KlKj8YS0ZUCtRT/YUuhyYDujIQ==

typescript@^4.0.5:
  version "4.0.5"
  resolved "https://registry.yarnpkg.com/typescript/-/typescript-4.0.5.tgz#ae9dddfd1069f1cb5beb3ef3b2170dd7c1332389"
  integrity sha512-ywmr/VrTVCmNTJ6iV2LwIrfG1P+lv6luD8sUJs+2eI9NLGigaN+nUQc13iHqisq7bra9lnmUSYqbJvegraBOPQ==
